
Microsoft Visual Studio Solution File, Format Version 12.00
# Visual Studio Version 17
VisualStudioVersion = 17.14.36310.24
MinimumVisualStudioVersion = 10.0.40219.1
Project("{FAE04EC0-301F-11D3-BF4B-00C04F79EFBC}") = "BLL", "BLL\BLL.csproj", "{850E627C-B466-485A-9CD0-BDD1C6B65549}"
EndProject
Project("{FAE04EC0-301F-11D3-BF4B-00C04F79EFBC}") = "DAL", "DAL\DAL.csproj", "{403F2426-005A-468D-BF25-B4B5CF572B1B}"
EndProject
Project("{FAE04EC0-301F-11D3-BF4B-00C04F79EFBC}") = "JobFinder.WebAPI", "JobFinder.WebAPI\JobFinder.WebAPI.csproj", "{4081E265-2DA1-4A04-8762-C14343CAEA93}"
EndProject
Project("{FAE04EC0-301F-11D3-BF4B-00C04F79EFBC}") = "JobFinder.WebApp", "JobFinder.WebApp\JobFinder.WebApp.csproj", "{5D1BC623-DBA0-4474-9E91-0EA546B5F270}"
EndProject
Global
	GlobalSection(SolutionConfigurationPlatforms) = preSolution
		Debug|Any CPU = Debug|Any CPU
		Release|Any CPU = Release|Any CPU
	EndGlobalSection
	GlobalSection(ProjectConfigurationPlatforms) = postSolution
		{850E627C-B466-485A-9CD0-BDD1C6B65549}.Debug|Any CPU.ActiveCfg = Debug|Any CPU
		{850E627C-B466-485A-9CD0-BDD1C6B65549}.Debug|Any CPU.Build.0 = Debug|Any CPU
		{850E627C-B466-485A-9CD0-BDD1C6B65549}.Release|Any CPU.ActiveCfg = Release|Any CPU
		{850E627C-B466-485A-9CD0-BDD1C6B65549}.Release|Any CPU.Build.0 = Release|Any CPU
		{403F2426-005A-468D-BF25-B4B5CF572B1B}.Debug|Any CPU.ActiveCfg = Debug|Any CPU
		{403F2426-005A-468D-BF25-B4B5CF572B1B}.Debug|Any CPU.Build.0 = Debug|Any CPU
		{403F2426-005A-468D-BF25-B4B5CF572B1B}.Release|Any CPU.ActiveCfg = Release|Any CPU
		{403F2426-005A-468D-BF25-B4B5CF572B1B}.Release|Any CPU.Build.0 = Release|Any CPU
		{4081E265-2DA1-4A04-8762-C14343CAEA93}.Debug|Any CPU.ActiveCfg = Debug|Any CPU
		{4081E265-2DA1-4A04-8762-C14343CAEA93}.Debug|Any CPU.Build.0 = Debug|Any CPU
		{4081E265-2DA1-4A04-8762-C14343CAEA93}.Release|Any CPU.ActiveCfg = Release|Any CPU
		{4081E265-2DA1-4A04-8762-C14343CAEA93}.Release|Any CPU.Build.0 = Release|Any CPU
		{5D1BC623-DBA0-4474-9E91-0EA546B5F270}.Debug|Any CPU.ActiveCfg = Debug|Any CPU
		{5D1BC623-DBA0-4474-9E91-0EA546B5F270}.Debug|Any CPU.Build.0 = Debug|Any CPU
		{5D1BC623-DBA0-4474-9E91-0EA546B5F270}.Release|Any CPU.ActiveCfg = Release|Any CPU
		{5D1BC623-DBA0-4474-9E91-0EA546B5F270}.Release|Any CPU.Build.0 = Release|Any CPU
	EndGlobalSection
	GlobalSection(SolutionProperties) = preSolution
		HideSolutionNode = FALSE
	EndGlobalSection
	GlobalSection(ExtensibilityGlobals) = postSolution
		SolutionGuid = {9A9A4467-CB04-41C6-8506-2801DA938348}
	EndGlobalSection
EndGlobal
